
Microsoft Visual Studio Solution File, Format Version 12.00
# Visual Studio 15
VisualStudioVersion = 15.0.28307.102
MinimumVisualStudioVersion = 10.0.40219.1
Project("{FAE04EC0-301F-11D3-BF4B-00C04F79EFBC}") = "user-defined-exceptions", "user-defined-exceptions.csproj", "{A9803E48-AD78-4972-B448-AB6127052CC1}"
EndProject
Global
	GlobalSection(SolutionConfigurationPlatforms) = preSolution
		Debug|Any CPU = Debug|Any CPU
		Release|Any CPU = Release|Any CPU
	EndGlobalSection
	GlobalSection(ProjectConfigurationPlatforms) = postSolution
		{A9803E48-AD78-4972-B448-AB6127052CC1}.Debug|Any CPU.ActiveCfg = Debug|Any CPU
		{A9803E48-AD78-4972-B448-AB6127052CC1}.Debug|Any CPU.Build.0 = Debug|Any CPU
		{A9803E48-AD78-4972-B448-AB6127052CC1}.Release|Any CPU.ActiveCfg = Release|Any CPU
		{A9803E48-AD78-4972-B448-AB6127052CC1}.Release|Any CPU.Build.0 = Release|Any CPU
	EndGlobalSection
	GlobalSection(SolutionProperties) = preSolution
		HideSolutionNode = FALSE
	EndGlobalSection
	GlobalSection(ExtensibilityGlobals) = postSolution
		SolutionGuid = {F2DDAA2B-BAD9-4E5C-B2AA-BE26BE2ACD9F}
	EndGlobalSection
EndGlobal
